// !$*UTF8*$!
{
	archiveVersion = 1;
	classes = {
	};
	objectVersion = 46;
	objects = {

/* Begin PBXBuildFile section */
		64A919241CBCF1F000BCCE2D /* main.m in Sources */ = {isa = PBXBuildFile; fileRef = 64A919231CBCF1F000BCCE2D /* main.m */; };
		64A919271CBCF1F000BCCE2D /* AppDelegate.m in Sources */ = {isa = PBXBuildFile; fileRef = 64A919261CBCF1F000BCCE2D /* AppDelegate.m */; };
		64A919291CBCF1F000BCCE2D /* Assets.xcassets in Resources */ = {isa = PBXBuildFile; fileRef = 64A919281CBCF1F000BCCE2D /* Assets.xcassets */; };
		64A9192C1CBCF1F000BCCE2D /* LaunchScreen.storyboard in Resources */ = {isa = PBXBuildFile; fileRef = 64A9192A1CBCF1F000BCCE2D /* LaunchScreen.storyboard */; };
		64A919371CBCF1F000BCCE2D /* GKCirculateViewTests.m in Sources */ = {isa = PBXBuildFile; fileRef = 64A919361CBCF1F000BCCE2D /* GKCirculateViewTests.m */; };
		64A919421CBCF1F000BCCE2D /* GKCirculateViewUITests.m in Sources */ = {isa = PBXBuildFile; fileRef = 64A919411CBCF1F000BCCE2D /* GKCirculateViewUITests.m */; };
		64A919521CBCF27A00BCCE2D /* GKCirculateView.m in Sources */ = {isa = PBXBuildFile; fileRef = 64A919511CBCF27A00BCCE2D /* GKCirculateView.m */; };
		64BF8E371CBE280400A14413 /* 1.jpg in Resources */ = {isa = PBXBuildFile; fileRef = 64BF8E311CBE280400A14413 /* 1.jpg */; };
		64BF8E381CBE280400A14413 /* 2.jpg in Resources */ = {isa = PBXBuildFile; fileRef = 64BF8E321CBE280400A14413 /* 2.jpg */; };
		64BF8E391CBE280400A14413 /* 3.jpg in Resources */ = {isa = PBXBuildFile; fileRef = 64BF8E331CBE280400A14413 /* 3.jpg */; };
		64BF8E3A1CBE280400A14413 /* 4.jpg in Resources */ = {isa = PBXBuildFile; fileRef = 64BF8E341CBE280400A14413 /* 4.jpg */; };
		64BF8E3B1CBE280400A14413 /* 5.png in Resources */ = {isa = PBXBuildFile; fileRef = 64BF8E351CBE280400A14413 /* 5.png */; };
		64BF8E3C1CBE280400A14413 /* placeholder.png in Resources */ = {isa = PBXBuildFile; fileRef = 64BF8E361CBE280400A14413 /* placeholder.png */; };
		64BF8E7C1CBE38AA00A14413 /* ViewController.m in Sources */ = {isa = PBXBuildFile; fileRef = 64BF8E7A1CBE38AA00A14413 /* ViewController.m */; };
		64BF8E7D1CBE38AA00A14413 /* ViewController.xib in Resources */ = {isa = PBXBuildFile; fileRef = 64BF8E7B1CBE38AA00A14413 /* ViewController.xib */; };
/* End PBXBuildFile section */

/* Begin PBXContainerItemProxy section */
		64A919331CBCF1F000BCCE2D /* PBXContainerItemProxy */ = {
			isa = PBXContainerItemProxy;
			containerPortal = 64A919171CBCF1F000BCCE2D /* Project object */;
			proxyType = 1;
			remoteGlobalIDString = 64A9191E1CBCF1F000BCCE2D;
			remoteInfo = GKCirculateView;
		};
		64A9193E1CBCF1F000BCCE2D /* PBXContainerItemProxy */ = {
			isa = PBXContainerItemProxy;
			containerPortal = 64A919171CBCF1F000BCCE2D /* Project object */;
			proxyType = 1;
			remoteGlobalIDString = 64A9191E1CBCF1F000BCCE2D;
			remoteInfo = GKCirculateView;
		};
/* End PBXContainerItemProxy section */

/* Begin PBXFileReference section */
		64A9191F1CBCF1F000BCCE2D /* GKCirculateView.app */ = {isa = PBXFileReference; explicitFileType = wrapper.application; includeInIndex = 0; path = GKCirculateView.app; sourceTree = BUILT_PRODUCTS_DIR; };
		64A919231CBCF1F000BCCE2D /* main.m */ = {isa = PBXFileReference; lastKnownFileType = sourcecode.c.objc; path = main.m; sourceTree = "<group>"; };
		64A919251CBCF1F000BCCE2D /* AppDelegate.h */ = {isa = PBXFileReference; lastKnownFileType = sourcecode.c.h; path = AppDelegate.h; sourceTree = "<group>"; };
		64A919261CBCF1F000BCCE2D /* AppDelegate.m */ = {isa = PBXFileReference; lastKnownFileType = sourcecode.c.objc; path = AppDelegate.m; sourceTree = "<group>"; };
		64A919281CBCF1F000BCCE2D /* Assets.xcassets */ = {isa = PBXFileReference; lastKnownFileType = folder.assetcatalog; path = Assets.xcassets; sourceTree = "<group>"; };
		64A9192B1CBCF1F000BCCE2D /* Base */ = {isa = PBXFileReference; lastKnownFileType = file.storyboard; name = Base; path = Base.lproj/LaunchScreen.storyboard; sourceTree = "<group>"; };
		64A9192D1CBCF1F000BCCE2D /* Info.plist */ = {isa = PBXFileReference; lastKnownFileType = text.plist.xml; path = Info.plist; sourceTree = "<group>"; };
		64A919321CBCF1F000BCCE2D /* GKCirculateViewTests.xctest */ = {isa = PBXFileReference; explicitFileType = wrapper.cfbundle; includeInIndex = 0; path = GKCirculateViewTests.xctest; sourceTree = BUILT_PRODUCTS_DIR; };
		64A919361CBCF1F000BCCE2D /* GKCirculateViewTests.m */ = {isa = PBXFileReference; lastKnownFileType = sourcecode.c.objc; path = GKCirculateViewTests.m; sourceTree = "<group>"; };
		64A919381CBCF1F000BCCE2D /* Info.plist */ = {isa = PBXFileReference; lastKnownFileType = text.plist.xml; path = Info.plist; sourceTree = "<group>"; };
		64A9193D1CBCF1F000BCCE2D /* GKCirculateViewUITests.xctest */ = {isa = PBXFileReference; explicitFileType = wrapper.cfbundle; includeInIndex = 0; path = GKCirculateViewUITests.xctest; sourceTree = BUILT_PRODUCTS_DIR; };
		64A919411CBCF1F000BCCE2D /* GKCirculateViewUITests.m */ = {isa = PBXFileReference; lastKnownFileType = sourcecode.c.objc; path = GKCirculateViewUITests.m; sourceTree = "<group>"; };
		64A919431CBCF1F000BCCE2D /* Info.plist */ = {isa = PBXFileReference; lastKnownFileType = text.plist.xml; path = Info.plist; sourceTree = "<group>"; };
		64A919501CBCF27A00BCCE2D /* GKCirculateView.h */ = {isa = PBXFileReference; fileEncoding = 4; lastKnownFileType = sourcecode.c.h; path = GKCirculateView.h; sourceTree = "<group>"; };
		64A919511CBCF27A00BCCE2D /* GKCirculateView.m */ = {isa = PBXFileReference; fileEncoding = 4; lastKnownFileType = sourcecode.c.objc; path = GKCirculateView.m; sourceTree = "<group>"; };
		64BF8E311CBE280400A14413 /* 1.jpg */ = {isa = PBXFileReference; lastKnownFileType = image.jpeg; path = 1.jpg; sourceTree = "<group>"; };
		64BF8E321CBE280400A14413 /* 2.jpg */ = {isa = PBXFileReference; lastKnownFileType = image.jpeg; path = 2.jpg; sourceTree = "<group>"; };
		64BF8E331CBE280400A14413 /* 3.jpg */ = {isa = PBXFileReference; lastKnownFileType = image.jpeg; path = 3.jpg; sourceTree = "<group>"; };
		64BF8E341CBE280400A14413 /* 4.jpg */ = {isa = PBXFileReference; lastKnownFileType = image.jpeg; path = 4.jpg; sourceTree = "<group>"; };
		64BF8E351CBE280400A14413 /* 5.png */ = {isa = PBXFileReference; lastKnownFileType = image.png; path = 5.png; sourceTree = "<group>"; };
		64BF8E361CBE280400A14413 /* placeholder.png */ = {isa = PBXFileReference; lastKnownFileType = image.png; path = placeholder.png; sourceTree = "<group>"; };
		64BF8E791CBE38AA00A14413 /* ViewController.h */ = {isa = PBXFileReference; fileEncoding = 4; lastKnownFileType = sourcecode.c.h; path = ViewController.h; sourceTree = "<group>"; };
		64BF8E7A1CBE38AA00A14413 /* ViewController.m */ = {isa = PBXFileReference; fileEncoding = 4; lastKnownFileType = sourcecode.c.objc; path = ViewController.m; sourceTree = "<group>"; };
		64BF8E7B1CBE38AA00A14413 /* ViewController.xib */ = {isa = PBXFileReference; fileEncoding = 4; lastKnownFileType = file.xib; path = ViewController.xib; sourceTree = "<group>"; };
/* End PBXFileReference section */

/* Begin PBXFrameworksBuildPhase section */
		64A9191C1CBCF1F000BCCE2D /* Frameworks */ = {
			isa = PBXFrameworksBuildPhase;
			buildActionMask = 2147483647;
			files = (
			);
			runOnlyForDeploymentPostprocessing = 0;
		};
		64A9192F1CBCF1F000BCCE2D /* Frameworks */ = {
			isa = PBXFrameworksBuildPhase;
			buildActionMask = 2147483647;
			files = (
			);
			runOnlyForDeploymentPostprocessing = 0;
		};
		64A9193A1CBCF1F000BCCE2D /* Frameworks */ = {
			isa = PBXFrameworksBuildPhase;
			buildActionMask = 2147483647;
			files = (
			);
			runOnlyForDeploymentPostprocessing = 0;
		};
/* End PBXFrameworksBuildPhase section */

/* Begin PBXGroup section */
		64A919161CBCF1F000BCCE2D = {
			isa = PBXGroup;
			children = (
				64A919211CBCF1F000BCCE2D /* GKCirculateView */,
				64A919351CBCF1F000BCCE2D /* GKCirculateViewTests */,
				64A919401CBCF1F000BCCE2D /* GKCirculateViewUITests */,
				64A919201CBCF1F000BCCE2D /* Products */,
			);
			sourceTree = "<group>";
		};
		64A919201CBCF1F000BCCE2D /* Products */ = {
			isa = PBXGroup;
			children = (
				64A9191F1CBCF1F000BCCE2D /* GKCirculateView.app */,
				64A919321CBCF1F000BCCE2D /* GKCirculateViewTests.xctest */,
				64A9193D1CBCF1F000BCCE2D /* GKCirculateViewUITests.xctest */,
			);
			name = Products;
			sourceTree = "<group>";
		};
		64A919211CBCF1F000BCCE2D /* GKCirculateView */ = {
			isa = PBXGroup;
			children = (
				64BF8E301CBE280400A14413 /* picture */,
				64A9194F1CBCF21800BCCE2D /* GKCirculateView */,
				64A919251CBCF1F000BCCE2D /* AppDelegate.h */,
				64A919261CBCF1F000BCCE2D /* AppDelegate.m */,
				64BF8E791CBE38AA00A14413 /* ViewController.h */,
				64BF8E7A1CBE38AA00A14413 /* ViewController.m */,
				64BF8E7B1CBE38AA00A14413 /* ViewController.xib */,
				64A919281CBCF1F000BCCE2D /* Assets.xcassets */,
				64A9192A1CBCF1F000BCCE2D /* LaunchScreen.storyboard */,
				64A9192D1CBCF1F000BCCE2D /* Info.plist */,
				64A919221CBCF1F000BCCE2D /* Supporting Files */,
			);
			path = GKCirculateView;
			sourceTree = "<group>";
		};
		64A919221CBCF1F000BCCE2D /* Supporting Files */ = {
			isa = PBXGroup;
			children = (
				64A919231CBCF1F000BCCE2D /* main.m */,
			);
			name = "Supporting Files";
			sourceTree = "<group>";
		};
		64A919351CBCF1F000BCCE2D /* GKCirculateViewTests */ = {
			isa = PBXGroup;
			children = (
				64A919361CBCF1F000BCCE2D /* GKCirculateViewTests.m */,
				64A919381CBCF1F000BCCE2D /* Info.plist */,
			);
			path = GKCirculateViewTests;
			sourceTree = "<group>";
		};
		64A919401CBCF1F000BCCE2D /* GKCirculateViewUITests */ = {
			isa = PBXGroup;
			children = (
				64A919411CBCF1F000BCCE2D /* GKCirculateViewUITests.m */,
				64A919431CBCF1F000BCCE2D /* Info.plist */,
			);
			path = GKCirculateViewUITests;
			sourceTree = "<group>";
		};
		64A9194F1CBCF21800BCCE2D /* GKCirculateView */ = {
			isa = PBXGroup;
			children = (
				64A919501CBCF27A00BCCE2D /* GKCirculateView.h */,
				64A919511CBCF27A00BCCE2D /* GKCirculateView.m */,
			);
			name = GKCirculateView;
			sourceTree = "<group>";
		};
		64BF8E301CBE280400A14413 /* picture */ = {
			isa = PBXGroup;
			children = (
				64BF8E311CBE280400A14413 /* 1.jpg */,
				64BF8E321CBE280400A14413 /* 2.jpg */,
				64BF8E331CBE280400A14413 /* 3.jpg */,
				64BF8E341CBE280400A14413 /* 4.jpg */,
				64BF8E351CBE280400A14413 /* 5.png */,
				64BF8E361CBE280400A14413 /* placeholder.png */,
			);
			path = picture;
			sourceTree = "<group>";
		};
/* End PBXGroup section */

/* Begin PBXNativeTarget section */
		64A9191E1CBCF1F000BCCE2D /* GKCirculateView */ = {
			isa = PBXNativeTarget;
			buildConfigurationList = 64A919461CBCF1F000BCCE2D /* Build configuration list for PBXNativeTarget "GKCirculateView" */;
			buildPhases = (
				64A9191B1CBCF1F000BCCE2D /* Sources */,
				64A9191C1CBCF1F000BCCE2D /* Frameworks */,
				64A9191D1CBCF1F000BCCE2D /* Resources */,
			);
			buildRules = (
			);
			dependencies = (
			);
			name = GKCirculateView;
			productName = GKCirculateView;
			productReference = 64A9191F1CBCF1F000BCCE2D /* GKCirculateView.app */;
			productType = "com.apple.product-type.application";
		};
		64A919311CBCF1F000BCCE2D /* GKCirculateViewTests */ = {
			isa = PBXNativeTarget;
			buildConfigurationList = 64A919491CBCF1F000BCCE2D /* Build configuration list for PBXNativeTarget "GKCirculateViewTests" */;
			buildPhases = (
				64A9192E1CBCF1F000BCCE2D /* Sources */,
				64A9192F1CBCF1F000BCCE2D /* Frameworks */,
				64A919301CBCF1F000BCCE2D /* Resources */,
			);
			buildRules = (
			);
			dependencies = (
				64A919341CBCF1F000BCCE2D /* PBXTargetDependency */,
			);
			name = GKCirculateViewTests;
			productName = GKCirculateViewTests;
			productReference = 64A919321CBCF1F000BCCE2D /* GKCirculateViewTests.xctest */;
			productType = "com.apple.product-type.bundle.unit-test";
		};
		64A9193C1CBCF1F000BCCE2D /* GKCirculateViewUITests */ = {
			isa = PBXNativeTarget;
			buildConfigurationList = 64A9194C1CBCF1F000BCCE2D /* Build configuration list for PBXNativeTarget "GKCirculateViewUITests" */;
			buildPhases = (
				64A919391CBCF1F000BCCE2D /* Sources */,
				64A9193A1CBCF1F000BCCE2D /* Frameworks */,
				64A9193B1CBCF1F000BCCE2D /* Resources */,
			);
			buildRules = (
			);
			dependencies = (
				64A9193F1CBCF1F000BCCE2D /* PBXTargetDependency */,
			);
			name = GKCirculateViewUITests;
			productName = GKCirculateViewUITests;
			productReference = 64A9193D1CBCF1F000BCCE2D /* GKCirculateViewUITests.xctest */;
			productType = "com.apple.product-type.bundle.ui-testing";
		};
/* End PBXNativeTarget section */

/* Begin PBXProject section */
		64A919171CBCF1F000BCCE2D /* Project object */ = {
			isa = PBXProject;
			attributes = {
				LastUpgradeCheck = 0720;
				ORGANIZATIONNAME = guoxc;
				TargetAttributes = {
					64A9191E1CBCF1F000BCCE2D = {
						CreatedOnToolsVersion = 7.2;
					};
					64A919311CBCF1F000BCCE2D = {
						CreatedOnToolsVersion = 7.2;
						TestTargetID = 64A9191E1CBCF1F000BCCE2D;
					};
					64A9193C1CBCF1F000BCCE2D = {
						CreatedOnToolsVersion = 7.2;
						TestTargetID = 64A9191E1CBCF1F000BCCE2D;
					};
				};
			};
			buildConfigurationList = 64A9191A1CBCF1F000BCCE2D /* Build configuration list for PBXProject "GKCirculateView" */;
			compatibilityVersion = "Xcode 3.2";
			developmentRegion = English;
			hasScannedForEncodings = 0;
			knownRegions = (
				en,
				Base,
			);
			mainGroup = 64A919161CBCF1F000BCCE2D;
			productRefGroup = 64A919201CBCF1F000BCCE2D /* Products */;
			projectDirPath = "";
			projectRoot = "";
			targets = (
				64A9191E1CBCF1F000BCCE2D /* GKCirculateView */,
				64A919311CBCF1F000BCCE2D /* GKCirculateViewTests */,
				64A9193C1CBCF1F000BCCE2D /* GKCirculateViewUITests */,
			);
		};
/* End PBXProject section */

/* Begin PBXResourcesBuildPhase section */
		64A9191D1CBCF1F000BCCE2D /* Resources */ = {
			isa = PBXResourcesBuildPhase;
			buildActionMask = 2147483647;
			files = (
				64BF8E3A1CBE280400A14413 /* 4.jpg in Resources */,
				64BF8E7D1CBE38AA00A14413 /* ViewController.xib in Resources */,
				64BF8E391CBE280400A14413 /* 3.jpg in Resources */,
				64BF8E371CBE280400A14413 /* 1.jpg in Resources */,
				64A919291CBCF1F000BCCE2D /* Assets.xcassets in Resources */,
				64BF8E3B1CBE280400A14413 /* 5.png in Resources */,
				64BF8E3C1CBE280400A14413 /* placeholder.png in Resources */,
				64BF8E381CBE280400A14413 /* 2.jpg in Resources */,
				64A9192C1CBCF1F000BCCE2D /* LaunchScreen.storyboard in Resources */,
			);
			runOnlyForDeploymentPostprocessing = 0;
		};
		64A919301CBCF1F000BCCE2D /* Resources */ = {
			isa = PBXResourcesBuildPhase;
			buildActionMask = 2147483647;
			files = (
			);
			runOnlyForDeploymentPostprocessing = 0;
		};
		64A9193B1CBCF1F000BCCE2D /* Resources */ = {
			isa = PBXResourcesBuildPhase;
			buildActionMask = 2147483647;
			files = (
			);
			runOnlyForDeploymentPostprocessing = 0;
		};
/* End PBXResourcesBuildPhase section */

/* Begin PBXSourcesBuildPhase section */
		64A9191B1CBCF1F000BCCE2D /* Sources */ = {
			isa = PBXSourcesBuildPhase;
			buildActionMask = 2147483647;
			files = (
				64A919271CBCF1F000BCCE2D /* AppDelegate.m in Sources */,
				64A919521CBCF27A00BCCE2D /* GKCirculateView.m in Sources */,
				64BF8E7C1CBE38AA00A14413 /* ViewController.m in Sources */,
				64A919241CBCF1F000BCCE2D /* main.m in Sources */,
			);
			runOnlyForDeploymentPostprocessing = 0;
		};
		64A9192E1CBCF1F000BCCE2D /* Sources */ = {
			isa = PBXSourcesBuildPhase;
			buildActionMask = 2147483647;
			files = (
				64A919371CBCF1F000BCCE2D /* GKCirculateViewTests.m in Sources */,
			);
			runOnlyForDeploymentPostprocessing = 0;
		};
		64A919391CBCF1F000BCCE2D /* Sources */ = {
			isa = PBXSourcesBuildPhase;
			buildActionMask = 2147483647;
			files = (
				64A919421CBCF1F000BCCE2D /* GKCirculateViewUITests.m in Sources */,
			);
			runOnlyForDeploymentPostprocessing = 0;
		};
/* End PBXSourcesBuildPhase section */

/* Begin PBXTargetDependency section */
		64A919341CBCF1F000BCCE2D /* PBXTargetDependency */ = {
			isa = PBXTargetDependency;
			target = 64A9191E1CBCF1F000BCCE2D /* GKCirculateView */;
			targetProxy = 64A919331CBCF1F000BCCE2D /* PBXContainerItemProxy */;
		};
		64A9193F1CBCF1F000BCCE2D /* PBXTargetDependency */ = {
			isa = PBXTargetDependency;
			target = 64A9191E1CBCF1F000BCCE2D /* GKCirculateView */;
			targetProxy = 64A9193E1CBCF1F000BCCE2D /* PBXContainerItemProxy */;
		};
/* End PBXTargetDependency section */

/* Begin PBXVariantGroup section */
		64A9192A1CBCF1F000BCCE2D /* LaunchScreen.storyboard */ = {
			isa = PBXVariantGroup;
			children = (
				64A9192B1CBCF1F000BCCE2D /* Base */,
			);
			name = LaunchScreen.storyboard;
			sourceTree = "<group>";
		};
/* End PBXVariantGroup section */

/* Begin XCBuildConfiguration section */
		64A919441CBCF1F000BCCE2D /* Debug */ = {
			isa = XCBuildConfiguration;
			buildSettings = {
				ALWAYS_SEARCH_USER_PATHS = NO;
				CLANG_CXX_LANGUAGE_STANDARD = "gnu++0x";
				CLANG_CXX_LIBRARY = "libc++";
				CLANG_ENABLE_MODULES = YES;
				CLANG_ENABLE_OBJC_ARC = YES;
				CLANG_WARN_BOOL_CONVERSION = YES;
				CLANG_WARN_CONSTANT_CONVERSION = YES;
				CLANG_WARN_DIRECT_OBJC_ISA_USAGE = YES_ERROR;
				CLANG_WARN_EMPTY_BODY = YES;
				CLANG_WARN_ENUM_CONVERSION = YES;
				CLANG_WARN_INT_CONVERSION = YES;
				CLANG_WARN_OBJC_ROOT_CLASS = YES_ERROR;
				CLANG_WARN_UNREACHABLE_CODE = YES;
				CLANG_WARN__DUPLICATE_METHOD_MATCH = YES;
				"CODE_SIGN_IDENTITY[sdk=iphoneos*]" = "iPhone Developer";
				COPY_PHASE_STRIP = NO;
				DEBUG_INFORMATION_FORMAT = dwarf;
				ENABLE_STRICT_OBJC_MSGSEND = YES;
				ENABLE_TESTABILITY = YES;
				GCC_C_LANGUAGE_STANDARD = gnu99;
				GCC_DYNAMIC_NO_PIC = NO;
				GCC_NO_COMMON_BLOCKS = YES;
				GCC_OPTIMIZATION_LEVEL = 0;
				GCC_PREPROCESSOR_DEFINITIONS = (
					"DEBUG=1",
					"$(inherited)",
				);
				GCC_WARN_64_TO_32_BIT_CONVERSION = YES;
				GCC_WARN_ABOUT_RETURN_TYPE = YES_ERROR;
				GCC_WARN_UNDECLARED_SELECTOR = YES;
				GCC_WARN_UNINITIALIZED_AUTOS = YES_AGGRESSIVE;
				GCC_WARN_UNUSED_FUNCTION = YES;
				GCC_WARN_UNUSED_VARIABLE = YES;
				IPHONEOS_DEPLOYMENT_TARGET = 9.2;
				MTL_ENABLE_DEBUG_INFO = YES;
				ONLY_ACTIVE_ARCH = YES;
				SDKROOT = iphoneos;
			};
			name = Debug;
		};
		64A919451CBCF1F000BCCE2D /* Release */ = {
			isa = XCBuildConfiguration;
			buildSettings = {
				ALWAYS_SEARCH_USER_PATHS = NO;
				CLANG_CXX_LANGUAGE_STANDARD = "gnu++0x";
				CLANG_CXX_LIBRARY = "libc++";
				CLANG_ENABLE_MODULES = YES;
				CLANG_ENABLE_OBJC_ARC = YES;
				CLANG_WARN_BOOL_CONVERSION = YES;
				CLANG_WARN_CONSTANT_CONVERSION = YES;
				CLANG_WARN_DIRECT_OBJC_ISA_USAGE = YES_ERROR;
				CLANG_WARN_EMPTY_BODY = YES;
				CLANG_WARN_ENUM_CONVERSION = YES;
				CLANG_WARN_INT_CONVERSION = YES;
				CLANG_WARN_OBJC_ROOT_CLASS = YES_ERROR;
				CLANG_WARN_UNREACHABLE_CODE = YES;
				CLANG_WARN__DUPLICATE_METHOD_MATCH = YES;
				"CODE_SIGN_IDENTITY[sdk=iphoneos*]" = "iPhone Developer";
				COPY_PHASE_STRIP = NO;
				DEBUG_INFORMATION_FORMAT = "dwarf-with-dsym";
				ENABLE_NS_ASSERTIONS = NO;
				ENABLE_STRICT_OBJC_MSGSEND = YES;
				GCC_C_LANGUAGE_STANDARD = gnu99;
				GCC_NO_COMMON_BLOCKS = YES;
				GCC_WARN_64_TO_32_BIT_CONVERSION = YES;
				GCC_WARN_ABOUT_RETURN_TYPE = YES_ERROR;
				GCC_WARN_UNDECLARED_SELECTOR = YES;
				GCC_WARN_UNINITIALIZED_AUTOS = YES_AGGRESSIVE;
				GCC_WARN_UNUSED_FUNCTION = YES;
				GCC_WARN_UNUSED_VARIABLE = YES;
				IPHONEOS_DEPLOYMENT_TARGET = 9.2;
				MTL_ENABLE_DEBUG_INFO = NO;
				SDKROOT = iphoneos;
				VALIDATE_PRODUCT = YES;
			};
			name = Release;
		};
		64A919471CBCF1F000BCCE2D /* Debug */ = {
			isa = XCBuildConfiguration;
			buildSettings = {
				ASSETCATALOG_COMPILER_APPICON_NAME = AppIcon;
				INFOPLIST_FILE = GKCirculateView/Info.plist;
				LD_RUNPATH_SEARCH_PATHS = "$(inherited) @executable_path/Frameworks";
				PRODUCT_BUNDLE_IDENTIFIER = www.guahao.com.GKCirculateView;
				PRODUCT_NAME = "$(TARGET_NAME)";
			};
			name = Debug;
		};
		64A919481CBCF1F000BCCE2D /* Release */ = {
			isa = XCBuildConfiguration;
			buildSettings = {
				ASSETCATALOG_COMPILER_APPICON_NAME = AppIcon;
				INFOPLIST_FILE = GKCirculateView/Info.plist;
				LD_RUNPATH_SEARCH_PATHS = "$(inherited) @executable_path/Frameworks";
				PRODUCT_BUNDLE_IDENTIFIER = www.guahao.com.GKCirculateView;
				PRODUCT_NAME = "$(TARGET_NAME)";
			};
			name = Release;
		};
		64A9194A1CBCF1F000BCCE2D /* Debug */ = {
			isa = XCBuildConfiguration;
			buildSettings = {
				BUNDLE_LOADER = "$(TEST_HOST)";
				INFOPLIST_FILE = GKCirculateViewTests/Info.plist;
				LD_RUNPATH_SEARCH_PATHS = "$(inherited) @executable_path/Frameworks @loader_path/Frameworks";
				PRODUCT_BUNDLE_IDENTIFIER = www.guahao.com.GKCirculateViewTests;
				PRODUCT_NAME = "$(TARGET_NAME)";
				TEST_HOST = "$(BUILT_PRODUCTS_DIR)/GKCirculateView.app/GKCirculateView";
			};
			name = Debug;
		};
		64A9194B1CBCF1F000BCCE2D /* Release */ = {
			isa = XCBuildConfiguration;
			buildSettings = {
				BUNDLE_LOADER = "$(TEST_HOST)";
				INFOPLIST_FILE = GKCirculateViewTests/Info.plist;
				LD_RUNPATH_SEARCH_PATHS = "$(inherited) @executable_path/Frameworks @loader_path/Frameworks";
				PRODUCT_BUNDLE_IDENTIFIER = www.guahao.com.GKCirculateViewTests;
				PRODUCT_NAME = "$(TARGET_NAME)";
				TEST_HOST = "$(BUILT_PRODUCTS_DIR)/GKCirculateView.app/GKCirculateView";
			};
			name = Release;
		};
		64A9194D1CBCF1F000BCCE2D /* Debug */ = {
			isa = XCBuildConfiguration;
			buildSettings = {
				INFOPLIST_FILE = GKCirculateViewUITests/Info.plist;
				LD_RUNPATH_SEARCH_PATHS = "$(inherited) @executable_path/Frameworks @loader_path/Frameworks";
				PRODUCT_BUNDLE_IDENTIFIER = www.guahao.com.GKCirculateViewUITests;
				PRODUCT_NAME = "$(TARGET_NAME)";
				TEST_TARGET_NAME = GKCirculateView;
				USES_XCTRUNNER = YES;
			};
			name = Debug;
		};
		64A9194E1CBCF1F000BCCE2D /* Release */ = {
			isa = XCBuildConfiguration;
			buildSettings = {
				INFOPLIST_FILE = GKCirculateViewUITests/Info.plist;
				LD_RUNPATH_SEARCH_PATHS = "$(inherited) @executable_path/Frameworks @loader_path/Frameworks";
				PRODUCT_BUNDLE_IDENTIFIER = www.guahao.com.GKCirculateViewUITests;
				PRODUCT_NAME = "$(TARGET_NAME)";
				TEST_TARGET_NAME = GKCirculateView;
				USES_XCTRUNNER = YES;
			};
			name = Release;
		};
/* End XCBuildConfiguration section */

/* Begin XCConfigurationList section */
		64A9191A1CBCF1F000BCCE2D /* Build configuration list for PBXProject "GKCirculateView" */ = {
			isa = XCConfigurationList;
			buildConfigurations = (
				64A919441CBCF1F000BCCE2D /* Debug */,
				64A919451CBCF1F000BCCE2D /* Release */,
			);
			defaultConfigurationIsVisible = 0;
			defaultConfigurationName = Release;
		};
		64A919461CBCF1F000BCCE2D /* Build configuration list for PBXNativeTarget "GKCirculateView" */ = {
			isa = XCConfigurationList;
			buildConfigurations = (
				64A919471CBCF1F000BCCE2D /* Debug */,
				64A919481CBCF1F000BCCE2D /* Release */,
			);
			defaultConfigurationIsVisible = 0;
			defaultConfigurationName = Release;
		};
		64A919491CBCF1F000BCCE2D /* Build configuration list for PBXNativeTarget "GKCirculateViewTests" */ = {
			isa = XCConfigurationList;
			buildConfigurations = (
				64A9194A1CBCF1F000BCCE2D /* Debug */,
				64A9194B1CBCF1F000BCCE2D /* Release */,
			);
			defaultConfigurationIsVisible = 0;
			defaultConfigurationName = Release;
		};
		64A9194C1CBCF1F000BCCE2D /* Build configuration list for PBXNativeTarget "GKCirculateViewUITests" */ = {
			isa = XCConfigurationList;
			buildConfigurations = (
				64A9194D1CBCF1F000BCCE2D /* Debug */,
				64A9194E1CBCF1F000BCCE2D /* Release */,
			);
			defaultConfigurationIsVisible = 0;
			defaultConfigurationName = Release;
		};
/* End XCConfigurationList section */
	};
	rootObject = 64A919171CBCF1F000BCCE2D /* Project object */;
}
